<?xml version="1.0" encoding="utf-8"?>
<Project ToolsVersion="4.0" xmlns="http://schemas.microsoft.com/developer/msbuild/2003">
  <ItemGroup>
    <Filter Include="Source Files">
      <UniqueIdentifier>{1b54ed02-2619-4861-ae5c-44d559824906}</UniqueIdentifier>
      <Extensions>cpp;c;cxx;rc;def;r;odl;idl;hpj;bat</Extensions>
    </Filter>
    <Filter Include="Header Files">
      <UniqueIdentifier>{fc28c02f-d70b-4021-9f3a-d3f4ecf84a56}</UniqueIdentifier>
      <Extensions>h;hpp;hxx;hm;inl</Extensions>
    </Filter>
    <Filter Include="Resource Files">
      <UniqueIdentifier>{10e4ab03-36ea-4015-8ea0-81bfc760204e}</UniqueIdentifier>
      <Extensions>ico;cur;bmp;dlg;rc2;rct;bin;cnt;rtf;gif;jpg;jpeg;jpe</Extensions>
    </Filter>
  </ItemGroup>
  <ItemGroup>
    <ClCompile Include="DailyTipDialog.cpp">
      <Filter>Source Files</Filter>
    </ClCompile>
    <ClCompile Include="Dib.cpp">
      <Filter>Source Files</Filter>
    </ClCompile>
    <ClCompile Include="EasyBUtils.cpp">
      <Filter>Source Files</Filter>
    </ClCompile>
    <ClCompile Include="FlatButton.cpp">
      <Filter>Source Files</Filter>
    </ClCompile>
    <ClCompile Include="MyBitmap.cpp">
      <Filter>Source Files</Filter>
    </ClCompile>
    <ClCompile Include="MyStatusBar.cpp">
      <Filter>Source Files</Filter>
    </ClCompile>
    <ClCompile Include="MyToolTipWnd.cpp">
      <Filter>Source Files</Filter>
    </ClCompile>
    <ClCompile Include="SplashWnd.cpp">
      <Filter>Source Files</Filter>
    </ClCompile>
    <ClCompile Include="StdAfx.cpp">
      <Filter>Source Files</Filter>
    </ClCompile>
    <ClCompile Include="WelcomeWnd.cpp">
      <Filter>Source Files</Filter>
    </ClCompile>
  </ItemGroup>
  <ItemGroup>
    <ResourceCompile Include="EasyBUtils.rc">
      <Filter>Source Files</Filter>
    </ResourceCompile>
  </ItemGroup>
  <ItemGroup>
    <ClInclude Include="DailyTipDialog.h">
      <Filter>Header Files</Filter>
    </ClInclude>
    <ClInclude Include="Dib.h">
      <Filter>Header Files</Filter>
    </ClInclude>
    <ClInclude Include="FlatButton.h">
      <Filter>Header Files</Filter>
    </ClInclude>
    <ClInclude Include="MyBitmap.h">
      <Filter>Header Files</Filter>
    </ClInclude>
    <ClInclude Include="MyStatusBar.h">
      <Filter>Header Files</Filter>
    </ClInclude>
    <ClInclude Include="MyToolTipWnd.h">
      <Filter>Header Files</Filter>
    </ClInclude>
    <ClInclude Include="SplashWnd.h">
      <Filter>Header Files</Filter>
    </ClInclude>
    <ClInclude Include="StdAfx.h">
      <Filter>Header Files</Filter>
    </ClInclude>
    <ClInclude Include="WelcomeWnd.h">
      <Filter>Header Files</Filter>
    </ClInclude>
    <ClInclude Include="Utils_resource.h">
      <Filter>Header Files</Filter>
    </ClInclude>
  </ItemGroup>
  <ItemGroup>
    <Image Include="Res\splash.bmp">
      <Filter>Resource Files</Filter>
    </Image>
    <Image Include="Res\Splash16.bmp">
      <Filter>Resource Files</Filter>
    </Image>
    <Image Include="Res\splash_beta.bmp">
      <Filter>Resource Files</Filter>
    </Image>
    <Image Include="Res\splash_beta1.bmp">
      <Filter>Resource Files</Filter>
    </Image>
    <Image Include="res\tip_bann.bmp">
      <Filter>Resource Files</Filter>
    </Image>
    <Image Include="tip_bann.bmp">
      <Filter>Resource Files</Filter>
    </Image>
    <Image Include="res\tip_left.bmp">
      <Filter>Resource Files</Filter>
    </Image>
    <Image Include="tip_left.bmp">
      <Filter>Resource Files</Filter>
    </Image>
    <Image Include="Res\Welcome Scene 16.bmp">
      <Filter>Resource Files</Filter>
    </Image>
    <Image Include="Res\Welcome Screen.bmp">
      <Filter>Resource Files</Filter>
    </Image>
    <Image Include="Res\welcome_.bmp">
      <Filter>Resource Files</Filter>
    </Image>
  </ItemGroup>
  <ItemGroup>
    <Text Include="ReadMe.txt" />
  </ItemGroup>
  <ItemGroup>
    <CustomBuild Include="EasyBUtils.def">
      <Filter>Source Files</Filter>
    </CustomBuild>
    <CustomBuild Include="res\EasyBUtils.rc2">
      <Filter>Resource Files</Filter>
    </CustomBuild>
  </ItemGroup>
</Project>