<?xml version="1.0" encoding="utf-8"?>
<Project ToolsVersion="4.0" xmlns="http://schemas.microsoft.com/developer/msbuild/2003">
  <ItemGroup>
    <Filter Include="Source Files">
      <UniqueIdentifier>{8057cec9-5064-404a-ad21-fc5cd8470ff8}</UniqueIdentifier>
      <Extensions>cpp;c;cxx;rc;def;r;odl;idl;hpj;bat</Extensions>
    </Filter>
    <Filter Include="Header Files">
      <UniqueIdentifier>{e9f9970d-5c1e-4541-99f1-bc606261ad28}</UniqueIdentifier>
      <Extensions>h;hpp;hxx;hm;inl</Extensions>
    </Filter>
    <Filter Include="Resource Files">
      <UniqueIdentifier>{ba1bb464-9371-49b1-b327-4cd41a12baf0}</UniqueIdentifier>
      <Extensions>ico;cur;bmp;dlg;rc2;rct;bin;rgs;gif;jpg;jpeg;jpe</Extensions>
    </Filter>
  </ItemGroup>
  <ItemGroup>
    <ClCompile Include="BidOptionsPropSheet.cpp">
      <Filter>Source Files</Filter>
    </ClCompile>
    <ClCompile Include="BidOptsConfigPage.cpp">
      <Filter>Source Files</Filter>
    </ClCompile>
    <ClCompile Include="BidOptsGeneralPage.cpp">
      <Filter>Source Files</Filter>
    </ClCompile>
    <ClCompile Include="BidOptsMiscPage.cpp">
      <Filter>Source Files</Filter>
    </ClCompile>
    <ClCompile Include="BidOptsNoTrumpsPage.cpp">
      <Filter>Source Files</Filter>
    </ClCompile>
    <ClCompile Include="BidOptsOpenPage.cpp">
      <Filter>Source Files</Filter>
    </ClCompile>
    <ClCompile Include="BidOptsParamsPage.cpp">
      <Filter>Source Files</Filter>
    </ClCompile>
    <ClCompile Include="BidOptsTwoBidsPage.cpp">
      <Filter>Source Files</Filter>
    </ClCompile>
    <ClCompile Include="DealOptionsPropSheet.cpp">
      <Filter>Source Files</Filter>
    </ClCompile>
    <ClCompile Include="DealOptsMajorsPage.cpp">
      <Filter>Source Files</Filter>
    </ClCompile>
    <ClCompile Include="DealOptsMinorsPage.cpp">
      <Filter>Source Files</Filter>
    </ClCompile>
    <ClCompile Include="DealOptsMiscPage.cpp">
      <Filter>Source Files</Filter>
    </ClCompile>
    <ClCompile Include="DealOptsNTPage.cpp">
      <Filter>Source Files</Filter>
    </ClCompile>
    <ClCompile Include="DealOptsPointsPage.cpp">
      <Filter>Source Files</Filter>
    </ClCompile>
    <ClCompile Include="DealOptsSlamPage.cpp">
      <Filter>Source Files</Filter>
    </ClCompile>
    <ClCompile Include="DispOptionsPropSheet.cpp">
      <Filter>Source Files</Filter>
    </ClCompile>
    <ClCompile Include="DispOptsCardBacksPage.cpp">
      <Filter>Source Files</Filter>
    </ClCompile>
    <ClCompile Include="DispOptsCardsPage.cpp">
      <Filter>Source Files</Filter>
    </ClCompile>
    <ClCompile Include="DispOptsDialogsPage.cpp">
      <Filter>Source Files</Filter>
    </ClCompile>
    <ClCompile Include="DispOptsFontsPage.cpp">
      <Filter>Source Files</Filter>
    </ClCompile>
    <ClCompile Include="DispOptsMiscPage.cpp">
      <Filter>Source Files</Filter>
    </ClCompile>
    <ClCompile Include="DispOptsSuitsPage.cpp">
      <Filter>Source Files</Filter>
    </ClCompile>
    <ClCompile Include="EasyBWizards.cpp">
      <Filter>Source Files</Filter>
    </ClCompile>
    <ClCompile Include="GameOptionsPropSheet.cpp">
      <Filter>Source Files</Filter>
    </ClCompile>
    <ClCompile Include="GameOptsCountingPage.cpp">
      <Filter>Source Files</Filter>
    </ClCompile>
    <ClCompile Include="GameOptsFilesPage.cpp">
      <Filter>Source Files</Filter>
    </ClCompile>
    <ClCompile Include="GameOptsGIBPage.cpp">
      <Filter>Source Files</Filter>
    </ClCompile>
    <ClCompile Include="GameOptsInterfacePage.cpp">
      <Filter>Source Files</Filter>
    </ClCompile>
    <ClCompile Include="GameOptsMechanicsPage.cpp">
      <Filter>Source Files</Filter>
    </ClCompile>
    <ClCompile Include="GameOptsScoringPage.cpp">
      <Filter>Source Files</Filter>
    </ClCompile>
    <ClCompile Include="ProgConfigBiddingPage.cpp">
      <Filter>Source Files</Filter>
    </ClCompile>
    <ClCompile Include="ProgConfigFinishPage.cpp">
      <Filter>Source Files</Filter>
    </ClCompile>
    <ClCompile Include="ProgConfigGameMechanicsPage.cpp">
      <Filter>Source Files</Filter>
    </ClCompile>
    <ClCompile Include="ProgConfigHelpLevelPage.cpp">
      <Filter>Source Files</Filter>
    </ClCompile>
    <ClCompile Include="ProgConfigIntroPage.cpp">
      <Filter>Source Files</Filter>
    </ClCompile>
    <ClCompile Include="ProgConfigPausesPage.cpp">
      <Filter>Source Files</Filter>
    </ClCompile>
    <ClCompile Include="ProgConfigSuitsDisplayPage.cpp">
      <Filter>Source Files</Filter>
    </ClCompile>
    <ClCompile Include="ProgConfigViewSettingsPage.cpp">
      <Filter>Source Files</Filter>
    </ClCompile>
    <ClCompile Include="ProgConfigWizardData.cpp">
      <Filter>Source Files</Filter>
    </ClCompile>
    <ClCompile Include="ProgramConfigWizard.cpp">
      <Filter>Source Files</Filter>
    </ClCompile>
    <ClCompile Include="StdAfx.cpp">
      <Filter>Source Files</Filter>
    </ClCompile>
  </ItemGroup>
  <ItemGroup>
    <ResourceCompile Include="EasyBWizards.rc">
      <Filter>Source Files</Filter>
    </ResourceCompile>
  </ItemGroup>
  <ItemGroup>
    <ClInclude Include="BidOptionsPropSheet.h">
      <Filter>Header Files</Filter>
    </ClInclude>
    <ClInclude Include="BidOptsConfigPage.h">
      <Filter>Header Files</Filter>
    </ClInclude>
    <ClInclude Include="BidOptsGeneralPage.h">
      <Filter>Header Files</Filter>
    </ClInclude>
    <ClInclude Include="BidOptsMiscPage.h">
      <Filter>Header Files</Filter>
    </ClInclude>
    <ClInclude Include="BidOptsNoTrumpsPage.h">
      <Filter>Header Files</Filter>
    </ClInclude>
    <ClInclude Include="BidOptsOpenPage.h">
      <Filter>Header Files</Filter>
    </ClInclude>
    <ClInclude Include="BidOptsParamsPage.h">
      <Filter>Header Files</Filter>
    </ClInclude>
    <ClInclude Include="BidOptsTwoBidsPage.h">
      <Filter>Header Files</Filter>
    </ClInclude>
    <ClInclude Include="DealOptionsPropSheet.h">
      <Filter>Header Files</Filter>
    </ClInclude>
    <ClInclude Include="DealOptsMajorsPage.h">
      <Filter>Header Files</Filter>
    </ClInclude>
    <ClInclude Include="DealOptsMinorsPage.h">
      <Filter>Header Files</Filter>
    </ClInclude>
    <ClInclude Include="DealOptsMiscPage.h">
      <Filter>Header Files</Filter>
    </ClInclude>
    <ClInclude Include="DealOptsNTPage.h">
      <Filter>Header Files</Filter>
    </ClInclude>
    <ClInclude Include="DealOptsPointsPage.h">
      <Filter>Header Files</Filter>
    </ClInclude>
    <ClInclude Include="DealOptsSlamPage.h">
      <Filter>Header Files</Filter>
    </ClInclude>
    <ClInclude Include="DispOptionsPropSheet.h">
      <Filter>Header Files</Filter>
    </ClInclude>
    <ClInclude Include="DispOptsCardBacksPage.h">
      <Filter>Header Files</Filter>
    </ClInclude>
    <ClInclude Include="DispOptsCardsPage.h">
      <Filter>Header Files</Filter>
    </ClInclude>
    <ClInclude Include="DispOptsDialogsPage.h">
      <Filter>Header Files</Filter>
    </ClInclude>
    <ClInclude Include="DispOptsFontsPage.h">
      <Filter>Header Files</Filter>
    </ClInclude>
    <ClInclude Include="DispOptsMiscPage.h">
      <Filter>Header Files</Filter>
    </ClInclude>
    <ClInclude Include="DispOptsSuitsPage.h">
      <Filter>Header Files</Filter>
    </ClInclude>
    <ClInclude Include="GameOptionsPropSheet.h">
      <Filter>Header Files</Filter>
    </ClInclude>
    <ClInclude Include="GameOptsCountingPage.h">
      <Filter>Header Files</Filter>
    </ClInclude>
    <ClInclude Include="GameOptsFilesPage.h">
      <Filter>Header Files</Filter>
    </ClInclude>
    <ClInclude Include="GameOptsGIBPage.h">
      <Filter>Header Files</Filter>
    </ClInclude>
    <ClInclude Include="GameOptsInterfacePage.h">
      <Filter>Header Files</Filter>
    </ClInclude>
    <ClInclude Include="GameOptsMechanicsPage.h">
      <Filter>Header Files</Filter>
    </ClInclude>
    <ClInclude Include="GameOptsScoringPage.h">
      <Filter>Header Files</Filter>
    </ClInclude>
    <ClInclude Include="ProgConfigBiddingPage.h">
      <Filter>Header Files</Filter>
    </ClInclude>
    <ClInclude Include="ProgConfigFinishPage.h">
      <Filter>Header Files</Filter>
    </ClInclude>
    <ClInclude Include="ProgConfigGameMechanicsPage.h">
      <Filter>Header Files</Filter>
    </ClInclude>
    <ClInclude Include="ProgConfigHelpLevelPage.h">
      <Filter>Header Files</Filter>
    </ClInclude>
    <ClInclude Include="ProgConfigIntroPage.h">
      <Filter>Header Files</Filter>
    </ClInclude>
    <ClInclude Include="ProgConfigPausesPage.h">
      <Filter>Header Files</Filter>
    </ClInclude>
    <ClInclude Include="ProgConfigSuitsDisplayPage.h">
      <Filter>Header Files</Filter>
    </ClInclude>
    <ClInclude Include="ProgConfigViewSettingsPage.h">
      <Filter>Header Files</Filter>
    </ClInclude>
    <ClInclude Include="ProgConfigWizardData.h">
      <Filter>Header Files</Filter>
    </ClInclude>
    <ClInclude Include="ProgramConfigWizard.h">
      <Filter>Header Files</Filter>
    </ClInclude>
    <ClInclude Include="StdAfx.h">
      <Filter>Header Files</Filter>
    </ClInclude>
    <ClInclude Include="Wizards_resource.h">
      <Filter>Header Files</Filter>
    </ClInclude>
  </ItemGroup>
  <ItemGroup>
    <Image Include="Res\bitmap1.bmp">
      <Filter>Resource Files</Filter>
    </Image>
    <Image Include="Res\bmp00001.bmp">
      <Filter>Resource Files</Filter>
    </Image>
    <Image Include="Res\bmp00002.bmp">
      <Filter>Resource Files</Filter>
    </Image>
    <Image Include="Res\bmp00003.bmp">
      <Filter>Resource Files</Filter>
    </Image>
    <Image Include="res\BridgeSceneBB1.bmp">
      <Filter>Resource Files</Filter>
    </Image>
    <Image Include="res\BridgeSceneBB2.bmp">
      <Filter>Resource Files</Filter>
    </Image>
    <Image Include="res\BridgeSceneBB3.bmp">
      <Filter>Resource Files</Filter>
    </Image>
    <Image Include="res\BridgeSceneBB4.bmp">
      <Filter>Resource Files</Filter>
    </Image>
    <Image Include="res\BridgeSceneBB5.bmp">
      <Filter>Resource Files</Filter>
    </Image>
    <Image Include="Res\BridgeSceneBB6.bmp">
      <Filter>Resource Files</Filter>
    </Image>
    <Image Include="res\BridgeSceneGG.bmp">
      <Filter>Resource Files</Filter>
    </Image>
    <Image Include="res\BridgeSceneGG1.bmp">
      <Filter>Resource Files</Filter>
    </Image>
    <Image Include="res\BridgeSceneGG2.bmp">
      <Filter>Resource Files</Filter>
    </Image>
    <Image Include="res\BridgeSceneGG3.bmp">
      <Filter>Resource Files</Filter>
    </Image>
    <Image Include="res\BridgeSceneGG4.bmp">
      <Filter>Resource Files</Filter>
    </Image>
    <Image Include="res\BridgeSceneGG5.bmp">
      <Filter>Resource Files</Filter>
    </Image>
    <Image Include="res\BridgeSceneGG6.bmp">
      <Filter>Resource Files</Filter>
    </Image>
    <Image Include="res\BridgeSceneGG7.bmp">
      <Filter>Resource Files</Filter>
    </Image>
    <Image Include="res\BridgeSceneGG8.bmp">
      <Filter>Resource Files</Filter>
    </Image>
    <Image Include="res\BridgeSceneGG9.bmp">
      <Filter>Resource Files</Filter>
    </Image>
    <Image Include="Res\suit_ord.bmp">
      <Filter>Resource Files</Filter>
    </Image>
    <Image Include="Res\Suit_Order_1.bmp">
      <Filter>Resource Files</Filter>
    </Image>
    <Image Include="Res\Suit_Order_2.bmp">
      <Filter>Resource Files</Filter>
    </Image>
    <Image Include="Res\Suit_Order_3.bmp">
      <Filter>Resource Files</Filter>
    </Image>
    <Image Include="Res\Suit_Order_4.bmp">
      <Filter>Resource Files</Filter>
    </Image>
    <Image Include="Res\Suit_Order_5.bmp">
      <Filter>Resource Files</Filter>
    </Image>
    <Image Include="Res\Welcome Screen.bmp">
      <Filter>Resource Files</Filter>
    </Image>
  </ItemGroup>
  <ItemGroup>
    <CustomBuild Include="EasyBWizards.def">
      <Filter>Source Files</Filter>
    </CustomBuild>
    <CustomBuild Include="res\EasyBWizards.rc2">
      <Filter>Resource Files</Filter>
    </CustomBuild>
  </ItemGroup>
</Project>