<?xml version="1.0" encoding="utf-8"?>
<Project ToolsVersion="4.0" xmlns="http://schemas.microsoft.com/developer/msbuild/2003">
  <ItemGroup>
    <Filter Include="Source Files">
      <UniqueIdentifier>{4FC737F1-C7A5-4376-A066-2A32D752A2FF}</UniqueIdentifier>
      <Extensions>cpp;c;cc;cxx;def;odl;idl;hpj;bat;asm;asmx</Extensions>
    </Filter>
    <Filter Include="Header Files">
      <UniqueIdentifier>{93995380-89BD-4b04-88EB-625FBE52EBFB}</UniqueIdentifier>
      <Extensions>h;hpp;hxx;hm;inl;inc;xsd</Extensions>
    </Filter>
    <Filter Include="Resource Files">
      <UniqueIdentifier>{67DA6AB6-F800-4c08-8B7A-83BB121AAD01}</UniqueIdentifier>
      <Extensions>rc;ico;cur;bmp;dlg;rc2;rct;bin;rgs;gif;jpg;jpeg;jpe;resx;tiff;tif;png;wav</Extensions>
    </Filter>
  </ItemGroup>
  <ItemGroup>
    <ClCompile Include="Source\CJBrowseEdit.cpp">
      <Filter>Source Files</Filter>
    </ClCompile>
    <ClCompile Include="Source\CJCaption.cpp">
      <Filter>Source Files</Filter>
    </ClCompile>
    <ClCompile Include="Source\CJCaptionPopupWnd.cpp">
      <Filter>Source Files</Filter>
    </ClCompile>
    <ClCompile Include="Source\CJColorPicker.cpp">
      <Filter>Source Files</Filter>
    </ClCompile>
    <ClCompile Include="Source\CJColorPopup.cpp">
      <Filter>Source Files</Filter>
    </ClCompile>
    <ClCompile Include="Source\CJComboBoxEx.cpp">
      <Filter>Source Files</Filter>
    </ClCompile>
    <ClCompile Include="Source\CJControlBar.cpp">
      <Filter>Source Files</Filter>
    </ClCompile>
    <ClCompile Include="Source\CJDateTimeCtrl.cpp">
      <Filter>Source Files</Filter>
    </ClCompile>
    <ClCompile Include="Source\CJDockBar.cpp">
      <Filter>Source Files</Filter>
    </ClCompile>
    <ClCompile Include="Source\CJDockContext.cpp">
      <Filter>Source Files</Filter>
    </ClCompile>
    <ClCompile Include="Source\CJExplorerBar.cpp">
      <Filter>Source Files</Filter>
    </ClCompile>
    <ClCompile Include="Source\CJFlatButton.cpp">
      <Filter>Source Files</Filter>
    </ClCompile>
    <ClCompile Include="Source\CJFlatComboBox.cpp">
      <Filter>Source Files</Filter>
    </ClCompile>
    <ClCompile Include="Source\CJFlatHeaderCtrl.cpp">
      <Filter>Source Files</Filter>
    </ClCompile>
    <ClCompile Include="Source\CJFlatSplitterWnd.cpp">
      <Filter>Source Files</Filter>
    </ClCompile>
    <ClCompile Include="Source\CJFlatTabCtrl.cpp">
      <Filter>Source Files</Filter>
    </ClCompile>
    <ClCompile Include="Source\CJFontCombo.cpp">
      <Filter>Source Files</Filter>
    </ClCompile>
    <ClCompile Include="Source\CJFrameWnd.cpp">
      <Filter>Source Files</Filter>
    </ClCompile>
    <ClCompile Include="Source\CJHexEdit.cpp">
      <Filter>Source Files</Filter>
    </ClCompile>
    <ClCompile Include="Source\CJHtmlView.cpp">
      <Filter>Source Files</Filter>
    </ClCompile>
    <ClCompile Include="Source\CJHyperLink.cpp">
      <Filter>Source Files</Filter>
    </ClCompile>
    <ClCompile Include="Source\CJListBox.cpp">
      <Filter>Source Files</Filter>
    </ClCompile>
    <ClCompile Include="Source\CJListCtrl.cpp">
      <Filter>Source Files</Filter>
    </ClCompile>
    <ClCompile Include="Source\CJListView.cpp">
      <Filter>Source Files</Filter>
    </ClCompile>
    <ClCompile Include="Source\CJLogoPane.cpp">
      <Filter>Source Files</Filter>
    </ClCompile>
    <ClCompile Include="Source\CJMaskEdit.cpp">
      <Filter>Source Files</Filter>
    </ClCompile>
    <ClCompile Include="Source\CJMDIChildWnd.cpp">
      <Filter>Source Files</Filter>
    </ClCompile>
    <ClCompile Include="Source\CJMDIFrameWnd.cpp">
      <Filter>Source Files</Filter>
    </ClCompile>
    <ClCompile Include="Source\CJMemFile.cpp">
      <Filter>Source Files</Filter>
    </ClCompile>
    <ClCompile Include="Source\CJMenu.cpp">
      <Filter>Source Files</Filter>
    </ClCompile>
    <ClCompile Include="Source\CJMenuBar.cpp">
      <Filter>Source Files</Filter>
    </ClCompile>
    <ClCompile Include="Source\CJMetaFileButton.cpp">
      <Filter>Source Files</Filter>
    </ClCompile>
    <ClCompile Include="Source\CJMiniDockFrameWnd.cpp">
      <Filter>Source Files</Filter>
    </ClCompile>
    <ClCompile Include="Source\CJOutlookBar.cpp">
      <Filter>Source Files</Filter>
    </ClCompile>
    <ClCompile Include="Source\CJPagerCtrl.cpp">
      <Filter>Source Files</Filter>
    </ClCompile>
    <ClCompile Include="Source\CJReBar.cpp">
      <Filter>Source Files</Filter>
    </ClCompile>
    <ClCompile Include="Source\CJReBarCtrl.cpp">
      <Filter>Source Files</Filter>
    </ClCompile>
    <ClCompile Include="Source\CJShell.cpp">
      <Filter>Source Files</Filter>
    </ClCompile>
    <ClCompile Include="Source\CJShellList.cpp">
      <Filter>Source Files</Filter>
    </ClCompile>
    <ClCompile Include="Source\CJShellTree.cpp">
      <Filter>Source Files</Filter>
    </ClCompile>
    <ClCompile Include="Source\CJSizeDockBar.cpp">
      <Filter>Source Files</Filter>
    </ClCompile>
    <ClCompile Include="Source\CJSortClass.cpp">
      <Filter>Source Files</Filter>
    </ClCompile>
    <ClCompile Include="Source\CJStatusBar.cpp">
      <Filter>Source Files</Filter>
    </ClCompile>
    <ClCompile Include="Source\CJTabCtrl.cpp">
      <Filter>Source Files</Filter>
    </ClCompile>
    <ClCompile Include="Source\CJTabCtrlBar.cpp">
      <Filter>Source Files</Filter>
    </ClCompile>
    <ClCompile Include="Source\CJTabView.cpp">
      <Filter>Source Files</Filter>
    </ClCompile>
    <ClCompile Include="Source\CJThemeHelper.cpp">
      <Filter>Source Files</Filter>
    </ClCompile>
    <ClCompile Include="Source\CJToolBar.cpp">
      <Filter>Source Files</Filter>
    </ClCompile>
    <ClCompile Include="Source\CJToolBarBase.cpp">
      <Filter>Source Files</Filter>
    </ClCompile>
    <ClCompile Include="Source\CJToolBarCtrl.cpp">
      <Filter>Source Files</Filter>
    </ClCompile>
    <ClCompile Include="Source\CJTreeCtrl.cpp">
      <Filter>Source Files</Filter>
    </ClCompile>
    <ClCompile Include="Source\CJWindowPlacement.cpp">
      <Filter>Source Files</Filter>
    </ClCompile>
    <ClCompile Include="Source\GfxGroupEdit.cpp">
      <Filter>Source Files</Filter>
    </ClCompile>
    <ClCompile Include="Source\GfxOutBarCtrl.cpp">
      <Filter>Source Files</Filter>
    </ClCompile>
    <ClCompile Include="Source\GfxSplitterWnd.cpp">
      <Filter>Source Files</Filter>
    </ClCompile>
    <ClCompile Include="Source\StdAfx.cpp">
      <Filter>Source Files</Filter>
    </ClCompile>
    <ClCompile Include="Source\Subclass.cpp">
      <Filter>Source Files</Filter>
    </ClCompile>
  </ItemGroup>
  <ItemGroup>
    <Text Include="Source\ReadMe.txt">
      <Filter>Source Files</Filter>
    </Text>
  </ItemGroup>
  <ItemGroup>
    <ClInclude Include="Source\StdAfx.h">
      <Filter>Source Files</Filter>
    </ClInclude>
    <ClInclude Include="Include\CJBrowseEdit.h">
      <Filter>Header Files</Filter>
    </ClInclude>
    <ClInclude Include="Include\CJCaption.h">
      <Filter>Header Files</Filter>
    </ClInclude>
    <ClInclude Include="Include\CJCaptionPopupWnd.h">
      <Filter>Header Files</Filter>
    </ClInclude>
    <ClInclude Include="Include\CJColorPicker.h">
      <Filter>Header Files</Filter>
    </ClInclude>
    <ClInclude Include="Include\CJColorPopup.h">
      <Filter>Header Files</Filter>
    </ClInclude>
    <ClInclude Include="Include\CJComboBoxEx.h">
      <Filter>Header Files</Filter>
    </ClInclude>
    <ClInclude Include="Include\CJControlBar.h">
      <Filter>Header Files</Filter>
    </ClInclude>
    <ClInclude Include="Include\CJDateTimeCtrl.h">
      <Filter>Header Files</Filter>
    </ClInclude>
    <ClInclude Include="Include\CJDockBar.h">
      <Filter>Header Files</Filter>
    </ClInclude>
    <ClInclude Include="Include\CJDockContext.h">
      <Filter>Header Files</Filter>
    </ClInclude>
    <ClInclude Include="Include\CJExplorerBar.h">
      <Filter>Header Files</Filter>
    </ClInclude>
    <ClInclude Include="Include\CJFlatButton.h">
      <Filter>Header Files</Filter>
    </ClInclude>
    <ClInclude Include="Include\CJFlatComboBox.h">
      <Filter>Header Files</Filter>
    </ClInclude>
    <ClInclude Include="Include\CJFlatHeaderCtrl.h">
      <Filter>Header Files</Filter>
    </ClInclude>
    <ClInclude Include="Include\CJFlatSplitterWnd.h">
      <Filter>Header Files</Filter>
    </ClInclude>
    <ClInclude Include="Include\CJFlatTabCtrl.h">
      <Filter>Header Files</Filter>
    </ClInclude>
    <ClInclude Include="Include\CJFontCombo.h">
      <Filter>Header Files</Filter>
    </ClInclude>
    <ClInclude Include="Include\CJFrameWnd.h">
      <Filter>Header Files</Filter>
    </ClInclude>
    <ClInclude Include="Include\CJHexEdit.h">
      <Filter>Header Files</Filter>
    </ClInclude>
    <ClInclude Include="Include\CJHtmlView.h">
      <Filter>Header Files</Filter>
    </ClInclude>
    <ClInclude Include="Include\CJHyperLink.h">
      <Filter>Header Files</Filter>
    </ClInclude>
    <ClInclude Include="Include\CJLibrary.h">
      <Filter>Header Files</Filter>
    </ClInclude>
    <ClInclude Include="Include\CJListBox.h">
      <Filter>Header Files</Filter>
    </ClInclude>
    <ClInclude Include="Include\CJListCtrl.h">
      <Filter>Header Files</Filter>
    </ClInclude>
    <ClInclude Include="Include\CJListView.h">
      <Filter>Header Files</Filter>
    </ClInclude>
    <ClInclude Include="Include\CJLogoPane.h">
      <Filter>Header Files</Filter>
    </ClInclude>
    <ClInclude Include="Include\CJMaskEdit.h">
      <Filter>Header Files</Filter>
    </ClInclude>
    <ClInclude Include="Include\CJMDIChildWnd.h">
      <Filter>Header Files</Filter>
    </ClInclude>
    <ClInclude Include="Include\CJMDIFrameWnd.h">
      <Filter>Header Files</Filter>
    </ClInclude>
    <ClInclude Include="Include\CJMemFile.h">
      <Filter>Header Files</Filter>
    </ClInclude>
    <ClInclude Include="Include\CJMenu.h">
      <Filter>Header Files</Filter>
    </ClInclude>
    <ClInclude Include="Include\CJMenuBar.h">
      <Filter>Header Files</Filter>
    </ClInclude>
    <ClInclude Include="Include\CJMetaFileButton.h">
      <Filter>Header Files</Filter>
    </ClInclude>
    <ClInclude Include="Include\CJMiniDockFrameWnd.h">
      <Filter>Header Files</Filter>
    </ClInclude>
    <ClInclude Include="Include\CJOutlookBar.h">
      <Filter>Header Files</Filter>
    </ClInclude>
    <ClInclude Include="Include\CJPagerCtrl.h">
      <Filter>Header Files</Filter>
    </ClInclude>
    <ClInclude Include="Include\CJReBar.h">
      <Filter>Header Files</Filter>
    </ClInclude>
    <ClInclude Include="Include\CJReBarCtrl.h">
      <Filter>Header Files</Filter>
    </ClInclude>
    <ClInclude Include="Include\CJResource.h">
      <Filter>Header Files</Filter>
    </ClInclude>
    <ClInclude Include="Include\CJShell.h">
      <Filter>Header Files</Filter>
    </ClInclude>
    <ClInclude Include="Include\CJShellList.h">
      <Filter>Header Files</Filter>
    </ClInclude>
    <ClInclude Include="Include\CJShellTree.h">
      <Filter>Header Files</Filter>
    </ClInclude>
    <ClInclude Include="Include\CJSizeDockBar.h">
      <Filter>Header Files</Filter>
    </ClInclude>
    <ClInclude Include="Include\CJSortClass.h">
      <Filter>Header Files</Filter>
    </ClInclude>
    <ClInclude Include="Include\CJStatusBar.h">
      <Filter>Header Files</Filter>
    </ClInclude>
    <ClInclude Include="Include\CJTabCtrl.h">
      <Filter>Header Files</Filter>
    </ClInclude>
    <ClInclude Include="Include\CJTabCtrlBar.h">
      <Filter>Header Files</Filter>
    </ClInclude>
    <ClInclude Include="Include\CJTabView.h">
      <Filter>Header Files</Filter>
    </ClInclude>
    <ClInclude Include="Include\CJThemeHelper.h">
      <Filter>Header Files</Filter>
    </ClInclude>
    <ClInclude Include="Include\CJToolBar.h">
      <Filter>Header Files</Filter>
    </ClInclude>
    <ClInclude Include="Include\CJToolBarBase.h">
      <Filter>Header Files</Filter>
    </ClInclude>
    <ClInclude Include="Include\CJToolBarCtrl.h">
      <Filter>Header Files</Filter>
    </ClInclude>
    <ClInclude Include="Include\CJTreeCtrl.h">
      <Filter>Header Files</Filter>
    </ClInclude>
    <ClInclude Include="Include\CJWindowPlacement.h">
      <Filter>Header Files</Filter>
    </ClInclude>
    <ClInclude Include="Include\GfxGroupEdit.h">
      <Filter>Header Files</Filter>
    </ClInclude>
    <ClInclude Include="Include\GfxOutBarCtrl.h">
      <Filter>Header Files</Filter>
    </ClInclude>
    <ClInclude Include="Include\GfxSplitterWnd.h">
      <Filter>Header Files</Filter>
    </ClInclude>
    <ClInclude Include="Include\Subclass.h">
      <Filter>Header Files</Filter>
    </ClInclude>
  </ItemGroup>
</Project>